
Microsoft Visual Studio Solution File, Format Version 12.00
Project("{FAE04EC0-301F-11D3-BF4B-00C04F79EFBC}") = "LogBuilder", "LogBuilder\LogBuilder.csproj", "{1E0B8049-ABE4-4E0F-A0AC-7AF32632D336}"
EndProject
Global
	GlobalSection(SolutionConfigurationPlatforms) = preSolution
		Debug|Any CPU = Debug|Any CPU
		Release|Any CPU = Release|Any CPU
	EndGlobalSection
	GlobalSection(ProjectConfigurationPlatforms) = postSolution
		{1E0B8049-ABE4-4E0F-A0AC-7AF32632D336}.Debug|Any CPU.ActiveCfg = Debug|Any CPU
		{1E0B8049-ABE4-4E0F-A0AC-7AF32632D336}.Debug|Any CPU.Build.0 = Debug|Any CPU
		{1E0B8049-ABE4-4E0F-A0AC-7AF32632D336}.Release|Any CPU.ActiveCfg = Release|Any CPU
		{1E0B8049-ABE4-4E0F-A0AC-7AF32632D336}.Release|Any CPU.Build.0 = Release|Any CPU
	EndGlobalSection
EndGlobal
